
Microsoft Visual Studio Solution File, Format Version 12.00
# Visual Studio Version 17
VisualStudioVersion = 17.0.32112.339
MinimumVisualStudioVersion = 10.0.40219.1
Project("{FAE04EC0-301F-11D3-BF4B-00C04F79EFBC}") = "CasoNotificaciones.API", "CasoNotificaciones.API\CasoNotificaciones.API.csproj", "{4346CF56-4ED4-4BF5-B688-7ABF8B77B8CC}"
EndProject
Global
	GlobalSection(SolutionConfigurationPlatforms) = preSolution
		Debug|Any CPU = Debug|Any CPU
		Release|Any CPU = Release|Any CPU
	EndGlobalSection
	GlobalSection(ProjectConfigurationPlatforms) = postSolution
		{4346CF56-4ED4-4BF5-B688-7ABF8B77B8CC}.Debug|Any CPU.ActiveCfg = Debug|Any CPU
		{4346CF56-4ED4-4BF5-B688-7ABF8B77B8CC}.Debug|Any CPU.Build.0 = Debug|Any CPU
		{4346CF56-4ED4-4BF5-B688-7ABF8B77B8CC}.Release|Any CPU.ActiveCfg = Release|Any CPU
		{4346CF56-4ED4-4BF5-B688-7ABF8B77B8CC}.Release|Any CPU.Build.0 = Release|Any CPU
	EndGlobalSection
	GlobalSection(SolutionProperties) = preSolution
		HideSolutionNode = FALSE
	EndGlobalSection
	GlobalSection(ExtensibilityGlobals) = postSolution
		SolutionGuid = {0211AE2F-ED2C-4006-B902-FB74117BB73F}
	EndGlobalSection
EndGlobal
